
Microsoft Visual Studio Solution File, Format Version 12.00
# Visual Studio Version 17
VisualStudioVersion = 17.3.32825.248
MinimumVisualStudioVersion = 10.0.40219.1
Project("{FAE04EC0-301F-11D3-BF4B-00C04F79EFBC}") = "L3_A1", "L3_A1\L3_A1.csproj", "{780A505F-10E1-49F1-97FB-25714A21C099}"
EndProject
Global
	GlobalSection(SolutionConfigurationPlatforms) = preSolution
		Debug|Any CPU = Debug|Any CPU
		Release|Any CPU = Release|Any CPU
	EndGlobalSection
	GlobalSection(ProjectConfigurationPlatforms) = postSolution
		{780A505F-10E1-49F1-97FB-25714A21C099}.Debug|Any CPU.ActiveCfg = Debug|Any CPU
		{780A505F-10E1-49F1-97FB-25714A21C099}.Debug|Any CPU.Build.0 = Debug|Any CPU
		{780A505F-10E1-49F1-97FB-25714A21C099}.Release|Any CPU.ActiveCfg = Release|Any CPU
		{780A505F-10E1-49F1-97FB-25714A21C099}.Release|Any CPU.Build.0 = Release|Any CPU
	EndGlobalSection
	GlobalSection(SolutionProperties) = preSolution
		HideSolutionNode = FALSE
	EndGlobalSection
	GlobalSection(ExtensibilityGlobals) = postSolution
		SolutionGuid = {598D3AD8-B388-4F4D-9FD7-87623F98DC16}
	EndGlobalSection
EndGlobal
