
Microsoft Visual Studio Solution File, Format Version 12.00
# Visual Studio 14
VisualStudioVersion = 14.0.25123.0
MinimumVisualStudioVersion = 10.0.40219.1
Project("{FAE04EC0-301F-11D3-BF4B-00C04F79EFBC}") = "registration_named_frmSignUp", "registration_named_frmSignUp\registration_named_frmSignUp.csproj", "{96CBDE2D-5D00-426A-B6AD-443E60BA3077}"
EndProject
Global
	GlobalSection(SolutionConfigurationPlatforms) = preSolution
		Debug|Any CPU = Debug|Any CPU
		Release|Any CPU = Release|Any CPU
	EndGlobalSection
	GlobalSection(ProjectConfigurationPlatforms) = postSolution
		{96CBDE2D-5D00-426A-B6AD-443E60BA3077}.Debug|Any CPU.ActiveCfg = Debug|Any CPU
		{96CBDE2D-5D00-426A-B6AD-443E60BA3077}.Debug|Any CPU.Build.0 = Debug|Any CPU
		{96CBDE2D-5D00-426A-B6AD-443E60BA3077}.Release|Any CPU.ActiveCfg = Release|Any CPU
		{96CBDE2D-5D00-426A-B6AD-443E60BA3077}.Release|Any CPU.Build.0 = Release|Any CPU
	EndGlobalSection
	GlobalSection(SolutionProperties) = preSolution
		HideSolutionNode = FALSE
	EndGlobalSection
EndGlobal
