
Microsoft Visual Studio Solution File, Format Version 12.00
# Visual Studio Version 17
VisualStudioVersion = 17.3.32825.248
MinimumVisualStudioVersion = 10.0.40219.1
Project("{FAE04EC0-301F-11D3-BF4B-00C04F79EFBC}") = "L2_A5", "L2_A5\L2_A5.csproj", "{3154250E-4795-47DF-A2F3-DA50522CBA65}"
EndProject
Global
	GlobalSection(SolutionConfigurationPlatforms) = preSolution
		Debug|Any CPU = Debug|Any CPU
		Release|Any CPU = Release|Any CPU
	EndGlobalSection
	GlobalSection(ProjectConfigurationPlatforms) = postSolution
		{3154250E-4795-47DF-A2F3-DA50522CBA65}.Debug|Any CPU.ActiveCfg = Debug|Any CPU
		{3154250E-4795-47DF-A2F3-DA50522CBA65}.Debug|Any CPU.Build.0 = Debug|Any CPU
		{3154250E-4795-47DF-A2F3-DA50522CBA65}.Release|Any CPU.ActiveCfg = Release|Any CPU
		{3154250E-4795-47DF-A2F3-DA50522CBA65}.Release|Any CPU.Build.0 = Release|Any CPU
	EndGlobalSection
	GlobalSection(SolutionProperties) = preSolution
		HideSolutionNode = FALSE
	EndGlobalSection
	GlobalSection(ExtensibilityGlobals) = postSolution
		SolutionGuid = {E5185840-34A9-4677-9DDA-0D7E28C20269}
	EndGlobalSection
EndGlobal
