
Microsoft Visual Studio Solution File, Format Version 12.00
# Visual Studio Version 17
VisualStudioVersion = 17.3.32825.248
MinimumVisualStudioVersion = 10.0.40219.1
Project("{FAE04EC0-301F-11D3-BF4B-00C04F79EFBC}") = "DemoWindowsForm", "DemoWindowsForm\DemoWindowsForm.csproj", "{CC8FDE0B-55FB-459F-8CB3-0AD353C94B28}"
EndProject
Global
	GlobalSection(SolutionConfigurationPlatforms) = preSolution
		Debug|Any CPU = Debug|Any CPU
		Release|Any CPU = Release|Any CPU
	EndGlobalSection
	GlobalSection(ProjectConfigurationPlatforms) = postSolution
		{CC8FDE0B-55FB-459F-8CB3-0AD353C94B28}.Debug|Any CPU.ActiveCfg = Debug|Any CPU
		{CC8FDE0B-55FB-459F-8CB3-0AD353C94B28}.Debug|Any CPU.Build.0 = Debug|Any CPU
		{CC8FDE0B-55FB-459F-8CB3-0AD353C94B28}.Release|Any CPU.ActiveCfg = Release|Any CPU
		{CC8FDE0B-55FB-459F-8CB3-0AD353C94B28}.Release|Any CPU.Build.0 = Release|Any CPU
	EndGlobalSection
	GlobalSection(SolutionProperties) = preSolution
		HideSolutionNode = FALSE
	EndGlobalSection
	GlobalSection(ExtensibilityGlobals) = postSolution
		SolutionGuid = {BF1B0E1B-567B-499F-9B9C-0EC0B36CABFD}
	EndGlobalSection
EndGlobal
